<?xml version="1.0" encoding="utf-8"?>
<Project ToolsVersion="4.0" xmlns="http://schemas.microsoft.com/developer/msbuild/2003">
  <ItemGroup>
    <Filter Include="소스 파일">
      <UniqueIdentifier>{4FC737F1-C7A5-4376-A066-2A32D752A2FF}</UniqueIdentifier>
      <Extensions>cpp;c;cc;cxx;c++;cppm;ixx;def;odl;idl;hpj;bat;asm;asmx</Extensions>
    </Filter>
    <Filter Include="헤더 파일">
      <UniqueIdentifier>{93995380-89BD-4b04-88EB-625FBE52EBFB}</UniqueIdentifier>
      <Extensions>h;hh;hpp;hxx;h++;hm;inl;inc;ipp;xsd</Extensions>
    </Filter>
    <Filter Include="리소스 파일">
      <UniqueIdentifier>{67DA6AB6-F800-4c08-8B7A-83BB121AAD01}</UniqueIdentifier>
      <Extensions>rc;ico;cur;bmp;dlg;rc2;rct;bin;rgs;gif;jpg;jpeg;jpe;resx;tiff;tif;png;wav;mfcribbon-ms</Extensions>
    </Filter>
    <Filter Include="소스 파일\01. Engine">
      <UniqueIdentifier>{4a93c67d-0ac0-4c99-92db-34d04c833020}</UniqueIdentifier>
    </Filter>
    <Filter Include="소스 파일\00. Main">
      <UniqueIdentifier>{a08c9107-83fe-4dff-91aa-3989991c3903}</UniqueIdentifier>
    </Filter>
    <Filter Include="소스 파일\03. Object">
      <UniqueIdentifier>{bc7418a1-3126-485b-ba81-9e336ed2ce67}</UniqueIdentifier>
    </Filter>
    <Filter Include="소스 파일\03. Object\00. Object">
      <UniqueIdentifier>{e59a9ce2-c739-436b-8728-91c253b5ad14}</UniqueIdentifier>
    </Filter>
    <Filter Include="소스 파일\03. Object\01. AnimationObject">
      <UniqueIdentifier>{f4003c12-05f4-4db2-a332-dbbd559fdfa3}</UniqueIdentifier>
    </Filter>
    <Filter Include="소스 파일\03. Object\01. AnimationObject\00. AnimationObject">
      <UniqueIdentifier>{1b0fa6e5-5fd1-4d85-97b2-585ac4713cdd}</UniqueIdentifier>
    </Filter>
    <Filter Include="소스 파일\99. Common">
      <UniqueIdentifier>{7893103d-ed5e-4db7-8474-fd1624e423ab}</UniqueIdentifier>
    </Filter>
    <Filter Include="소스 파일\03. Object\01. AnimationObject\01. Character">
      <UniqueIdentifier>{07390fa3-dc54-4f1e-8a30-e200cee978dd}</UniqueIdentifier>
    </Filter>
    <Filter Include="소스 파일\03. Object\01. AnimationObject\02. Enemies">
      <UniqueIdentifier>{ccae28ca-3343-4af1-92aa-bbf0997fe00d}</UniqueIdentifier>
    </Filter>
    <Filter Include="소스 파일\03. Object\01. AnimationObject\02. Enemies\00. Enemies">
      <UniqueIdentifier>{a57a3474-c5cd-41bb-8ca6-d16e4fd5e624}</UniqueIdentifier>
    </Filter>
    <Filter Include="소스 파일\03. Object\01. AnimationObject\02. Enemies\02. BigZombie">
      <UniqueIdentifier>{811e7f76-1a8f-48c1-ad66-d835f0e74b31}</UniqueIdentifier>
    </Filter>
    <Filter Include="소스 파일\03. Object\01. AnimationObject\02. Enemies\01. SignMonster">
      <UniqueIdentifier>{124cb7ab-10ae-4f4f-aef1-f7186198282b}</UniqueIdentifier>
    </Filter>
    <Filter Include="소스 파일\02. Scene">
      <UniqueIdentifier>{a397069c-a376-47c8-8db9-ce37c068760a}</UniqueIdentifier>
    </Filter>
    <Filter Include="소스 파일\02. Scene\00. Scene">
      <UniqueIdentifier>{b58242c8-262a-4b20-96cc-cc54ccb198cc}</UniqueIdentifier>
    </Filter>
    <Filter Include="소스 파일\02. Scene\03. EnemiesScene">
      <UniqueIdentifier>{fb84cd59-6a3e-4e49-a47c-7f23f18669bc}</UniqueIdentifier>
    </Filter>
    <Filter Include="소스 파일\02. Scene\01. TitleScene">
      <UniqueIdentifier>{de088719-b089-43b5-82b6-370c8fd938c6}</UniqueIdentifier>
    </Filter>
    <Filter Include="소스 파일\03. Object\02. BackGroundObject">
      <UniqueIdentifier>{c560d0b7-f8a5-4b2a-bdea-a5248a83bc7a}</UniqueIdentifier>
    </Filter>
    <Filter Include="소스 파일\03. Object\02. BackGroundObject\00. BackGroundObject">
      <UniqueIdentifier>{b2217c6d-0467-48d8-a51f-8e2d08de5d4f}</UniqueIdentifier>
    </Filter>
    <Filter Include="소스 파일\02. Scene\05. FirstStageScene">
      <UniqueIdentifier>{21181699-2f3d-4064-b06e-41c8c280adf6}</UniqueIdentifier>
    </Filter>
    <Filter Include="소스 파일\02. Scene\06. SecondStageScene">
      <UniqueIdentifier>{b83b7dd9-bd34-4610-8ddd-8cea039b7de7}</UniqueIdentifier>
    </Filter>
    <Filter Include="소스 파일\02. Scene\07. ResultScene">
      <UniqueIdentifier>{e818eecf-fecc-4d80-bf79-035d62c97bca}</UniqueIdentifier>
    </Filter>
    <Filter Include="소스 파일\02. Scene\08. PauseScene">
      <UniqueIdentifier>{406fd4fe-03ae-46f1-8064-58b7cae9662d}</UniqueIdentifier>
    </Filter>
    <Filter Include="소스 파일\02. Scene\02. TutorialScene">
      <UniqueIdentifier>{85799249-53d1-475a-9341-b178dafba83c}</UniqueIdentifier>
    </Filter>
    <Filter Include="소스 파일\03. Object\03. Button">
      <UniqueIdentifier>{730de319-7249-418f-801b-7348b66338fa}</UniqueIdentifier>
    </Filter>
  </ItemGroup>
  <ItemGroup>
    <ClCompile Include="Engine.cpp">
      <Filter>소스 파일\01. Engine</Filter>
    </ClCompile>
    <ClCompile Include="Object.cpp">
      <Filter>소스 파일\03. Object\00. Object</Filter>
    </ClCompile>
    <ClCompile Include="AnimationObject.cpp">
      <Filter>소스 파일\03. Object\01. AnimationObject\00. AnimationObject</Filter>
    </ClCompile>
    <ClCompile Include="Character.cpp">
      <Filter>소스 파일\03. Object\01. AnimationObject\01. Character</Filter>
    </ClCompile>
    <ClCompile Include="main.cpp">
      <Filter>소스 파일\00. Main</Filter>
    </ClCompile>
    <ClCompile Include="Enemies.cpp">
      <Filter>소스 파일\03. Object\01. AnimationObject\02. Enemies\00. Enemies</Filter>
    </ClCompile>
    <ClCompile Include="SignMonster.cpp">
      <Filter>소스 파일\03. Object\01. AnimationObject\02. Enemies\01. SignMonster</Filter>
    </ClCompile>
    <ClCompile Include="BigZombie.cpp">
      <Filter>소스 파일\03. Object\01. AnimationObject\02. Enemies\02. BigZombie</Filter>
    </ClCompile>
    <ClCompile Include="Scene.cpp">
      <Filter>소스 파일\02. Scene\00. Scene</Filter>
    </ClCompile>
    <ClCompile Include="EnemiesScene.cpp">
      <Filter>소스 파일\02. Scene\03. EnemiesScene</Filter>
    </ClCompile>
    <ClCompile Include="TitleScene.cpp">
      <Filter>소스 파일\02. Scene\01. TitleScene</Filter>
    </ClCompile>
    <ClCompile Include="BackGroundObject.cpp">
      <Filter>소스 파일\03. Object\02. BackGroundObject\00. BackGroundObject</Filter>
    </ClCompile>
    <ClCompile Include="TutorialScene.cpp">
      <Filter>소스 파일\02. Scene\02. TutorialScene</Filter>
    </ClCompile>
    <ClCompile Include="ResultScene.cpp">
      <Filter>소스 파일\02. Scene\07. ResultScene</Filter>
    </ClCompile>
    <ClCompile Include="FirstStageScene.cpp">
      <Filter>소스 파일\02. Scene\05. FirstStageScene</Filter>
    </ClCompile>
    <ClCompile Include="PauseScene.cpp">
      <Filter>소스 파일\02. Scene\08. PauseScene</Filter>
    </ClCompile>
  </ItemGroup>
  <ItemGroup>
    <ClInclude Include="Engine.h">
      <Filter>소스 파일\01. Engine</Filter>
    </ClInclude>
    <ClInclude Include="Object.h">
      <Filter>소스 파일\03. Object\00. Object</Filter>
    </ClInclude>
    <ClInclude Include="AnimationObject.h">
      <Filter>소스 파일\03. Object\01. AnimationObject\00. AnimationObject</Filter>
    </ClInclude>
    <ClInclude Include="Character.h">
      <Filter>소스 파일\03. Object\01. AnimationObject\01. Character</Filter>
    </ClInclude>
    <ClInclude Include="Enemies.h">
      <Filter>소스 파일\03. Object\01. AnimationObject\02. Enemies\00. Enemies</Filter>
    </ClInclude>
    <ClInclude Include="SignMonster.h">
      <Filter>소스 파일\03. Object\01. AnimationObject\02. Enemies\01. SignMonster</Filter>
    </ClInclude>
    <ClInclude Include="BigZombie.h">
      <Filter>소스 파일\03. Object\01. AnimationObject\02. Enemies\02. BigZombie</Filter>
    </ClInclude>
    <ClInclude Include="Scene.h">
      <Filter>소스 파일\02. Scene\00. Scene</Filter>
    </ClInclude>
    <ClInclude Include="EnemiesScene.h">
      <Filter>소스 파일\02. Scene\03. EnemiesScene</Filter>
    </ClInclude>
    <ClInclude Include="framework.h">
      <Filter>소스 파일\99. Common</Filter>
    </ClInclude>
    <ClInclude Include="TitleScene.h">
      <Filter>소스 파일\02. Scene\01. TitleScene</Filter>
    </ClInclude>
    <ClInclude Include="BackGroundObject.h">
      <Filter>소스 파일\03. Object\02. BackGroundObject\00. BackGroundObject</Filter>
    </ClInclude>
    <ClInclude Include="TutorialScene.h">
      <Filter>소스 파일\02. Scene\02. TutorialScene</Filter>
    </ClInclude>
    <ClInclude Include="ResultScene.h">
      <Filter>소스 파일\02. Scene\07. ResultScene</Filter>
    </ClInclude>
    <ClInclude Include="FirstStageScene.h">
      <Filter>소스 파일\02. Scene\05. FirstStageScene</Filter>
    </ClInclude>
    <ClInclude Include="PauseScene.h">
      <Filter>소스 파일\02. Scene\08. PauseScene</Filter>
    </ClInclude>
  </ItemGroup>
</Project>